
Microsoft Visual Studio Solution File, Format Version 10.00
# Visual Studio 2008
Project("{8BC9CEB8-8B4A-11D0-8D11-00A0C91BC942}") = "RocketCommanderTest", "Source\Main\RocketCommanderTest\RocketCommanderTest.vcproj", "{0CDE255C-2BC4-47B9-9B86-9BA388631F87}"
	ProjectSection(ProjectDependencies) = postProject
		{04DE6DA6-EEA9-48E2-A4AE-B2B600984306} = {04DE6DA6-EEA9-48E2-A4AE-B2B600984306}
	EndProjectSection
EndProject
Project("{8BC9CEB8-8B4A-11D0-8D11-00A0C91BC942}") = "RocketCommander", "Source\Main\RocketCommander\RocketCommander.vcproj", "{04DE6DA6-EEA9-48E2-A4AE-B2B600984306}"
EndProject
Project("{2150E333-8FDC-42A3-9474-1A3956D46DE8}") = "Tools", "Tools", "{413F41DD-D68D-4BFE-B43A-66C8816121BB}"
EndProject
Project("{8BC9CEB8-8B4A-11D0-8D11-00A0C91BC942}") = "MeshXToOgre", "Tools\MeshXToOgre\MeshXToOgre.vcproj", "{F83B1D47-EC85-42B9-8D4F-77E803C1DC94}"
EndProject
Project("{8BC9CEB8-8B4A-11D0-8D11-00A0C91BC942}") = "RocketCommanderLauncher", "Source\Main\RocketCommanderLauncher\RocketCommanderLauncher.vcproj", "{6F4447FE-F0FC-4AF7-9829-86F5C5DF09EB}"
	ProjectSection(ProjectDependencies) = postProject
		{04DE6DA6-EEA9-48E2-A4AE-B2B600984306} = {04DE6DA6-EEA9-48E2-A4AE-B2B600984306}
	EndProjectSection
EndProject
Global
	GlobalSection(SolutionConfigurationPlatforms) = preSolution
		Debug|Win32 = Debug|Win32
		Release|Win32 = Release|Win32
	EndGlobalSection
	GlobalSection(ProjectConfigurationPlatforms) = postSolution
		{0CDE255C-2BC4-47B9-9B86-9BA388631F87}.Debug|Win32.ActiveCfg = Debug|Win32
		{0CDE255C-2BC4-47B9-9B86-9BA388631F87}.Debug|Win32.Build.0 = Debug|Win32
		{0CDE255C-2BC4-47B9-9B86-9BA388631F87}.Release|Win32.ActiveCfg = Release|Win32
		{0CDE255C-2BC4-47B9-9B86-9BA388631F87}.Release|Win32.Build.0 = Release|Win32
		{04DE6DA6-EEA9-48E2-A4AE-B2B600984306}.Debug|Win32.ActiveCfg = Debug|Win32
		{04DE6DA6-EEA9-48E2-A4AE-B2B600984306}.Debug|Win32.Build.0 = Debug|Win32
		{04DE6DA6-EEA9-48E2-A4AE-B2B600984306}.Release|Win32.ActiveCfg = Release|Win32
		{04DE6DA6-EEA9-48E2-A4AE-B2B600984306}.Release|Win32.Build.0 = Release|Win32
		{F83B1D47-EC85-42B9-8D4F-77E803C1DC94}.Debug|Win32.ActiveCfg = Debug|Win32
		{F83B1D47-EC85-42B9-8D4F-77E803C1DC94}.Debug|Win32.Build.0 = Debug|Win32
		{F83B1D47-EC85-42B9-8D4F-77E803C1DC94}.Release|Win32.ActiveCfg = Release|Win32
		{F83B1D47-EC85-42B9-8D4F-77E803C1DC94}.Release|Win32.Build.0 = Release|Win32
		{6F4447FE-F0FC-4AF7-9829-86F5C5DF09EB}.Debug|Win32.ActiveCfg = Debug|Win32
		{6F4447FE-F0FC-4AF7-9829-86F5C5DF09EB}.Debug|Win32.Build.0 = Debug|Win32
		{6F4447FE-F0FC-4AF7-9829-86F5C5DF09EB}.Release|Win32.ActiveCfg = Release|Win32
		{6F4447FE-F0FC-4AF7-9829-86F5C5DF09EB}.Release|Win32.Build.0 = Release|Win32
	EndGlobalSection
	GlobalSection(SolutionProperties) = preSolution
		HideSolutionNode = FALSE
	EndGlobalSection
	GlobalSection(NestedProjects) = preSolution
		{F83B1D47-EC85-42B9-8D4F-77E803C1DC94} = {413F41DD-D68D-4BFE-B43A-66C8816121BB}
	EndGlobalSection
EndGlobal
